
Microsoft Visual Studio Solution File, Format Version 12.00
# Visual Studio 15
VisualStudioVersion = 15.0.28307.1062
MinimumVisualStudioVersion = 10.0.40219.1
Project("{FAE04EC0-301F-11D3-BF4B-00C04F79EFBC}") = "OrderSolution", "OrderSolution\OrderSolution.csproj", "{1340B1B7-C1D6-4880-98CF-4EE0B62F2F62}"
EndProject
Global
	GlobalSection(SolutionConfigurationPlatforms) = preSolution
		Debug|Any CPU = Debug|Any CPU
		Release|Any CPU = Release|Any CPU
	EndGlobalSection
	GlobalSection(ProjectConfigurationPlatforms) = postSolution
		{1340B1B7-C1D6-4880-98CF-4EE0B62F2F62}.Debug|Any CPU.ActiveCfg = Debug|Any CPU
		{1340B1B7-C1D6-4880-98CF-4EE0B62F2F62}.Debug|Any CPU.Build.0 = Debug|Any CPU
		{1340B1B7-C1D6-4880-98CF-4EE0B62F2F62}.Release|Any CPU.ActiveCfg = Release|Any CPU
		{1340B1B7-C1D6-4880-98CF-4EE0B62F2F62}.Release|Any CPU.Build.0 = Release|Any CPU
	EndGlobalSection
	GlobalSection(SolutionProperties) = preSolution
		HideSolutionNode = FALSE
	EndGlobalSection
	GlobalSection(ExtensibilityGlobals) = postSolution
		SolutionGuid = {8EB730D3-1F00-4FFA-9D64-BED7FBC63E4F}
	EndGlobalSection
EndGlobal
